Microsoft Visual Studio Solution File, Format Version 12.00
# Visual Studio Version 17
VisualStudioVersion = 17.5.2.0
MinimumVisualStudioVersion = 10.0.40219.1
Project("{FAE04EC0-301F-11D3-BF4B-00C04F79EFBC}") = "cSharpPoo", "cSharpPoo.csproj", "{DF3FFAB9-151F-66C1-9649-4FB7A8CD76FE}"
EndProject
Global
	GlobalSection(SolutionConfigurationPlatforms) = preSolution
		Debug|Any CPU = Debug|Any CPU
		Release|Any CPU = Release|Any CPU
	EndGlobalSection
	GlobalSection(ProjectConfigurationPlatforms) = postSolution
		{DF3FFAB9-151F-66C1-9649-4FB7A8CD76FE}.Debug|Any CPU.ActiveCfg = Debug|Any CPU
		{DF3FFAB9-151F-66C1-9649-4FB7A8CD76FE}.Debug|Any CPU.Build.0 = Debug|Any CPU
		{DF3FFAB9-151F-66C1-9649-4FB7A8CD76FE}.Release|Any CPU.ActiveCfg = Release|Any CPU
		{DF3FFAB9-151F-66C1-9649-4FB7A8CD76FE}.Release|Any CPU.Build.0 = Release|Any CPU
	EndGlobalSection
	GlobalSection(SolutionProperties) = preSolution
		HideSolutionNode = FALSE
	EndGlobalSection
	GlobalSection(ExtensibilityGlobals) = postSolution
		SolutionGuid = {91BFB73C-23CD-4F42-AF57-2A342CC3B13A}
	EndGlobalSection
EndGlobal
